
Microsoft Visual Studio Solution File, Format Version 10.00
# Visual Studio 2008
Project("{FAE04EC0-301F-11D3-BF4B-00C04F79EFBC}") = "Yaml", "Yaml.csproj", "{DB0A5013-E57E-42F0-B595-52C9FAD3DDD5}"
EndProject
Project("{FAE04EC0-301F-11D3-BF4B-00C04F79EFBC}") = "YamlTester", "YamlTester\YamlTester.csproj", "{9AC62E00-377A-42AD-A867-DB95947B7D03}"
EndProject
Global
	GlobalSection(SolutionConfigurationPlatforms) = preSolution
		Debug|Any CPU = Debug|Any CPU
		Release|Any CPU = Release|Any CPU
	EndGlobalSection
	GlobalSection(ProjectConfigurationPlatforms) = postSolution
		{DB0A5013-E57E-42F0-B595-52C9FAD3DDD5}.Debug|Any CPU.ActiveCfg = Debug|Any CPU
		{DB0A5013-E57E-42F0-B595-52C9FAD3DDD5}.Debug|Any CPU.Build.0 = Debug|Any CPU
		{DB0A5013-E57E-42F0-B595-52C9FAD3DDD5}.Release|Any CPU.ActiveCfg = Release|Any CPU
		{DB0A5013-E57E-42F0-B595-52C9FAD3DDD5}.Release|Any CPU.Build.0 = Release|Any CPU
		{9AC62E00-377A-42AD-A867-DB95947B7D03}.Debug|Any CPU.ActiveCfg = Debug|Any CPU
		{9AC62E00-377A-42AD-A867-DB95947B7D03}.Debug|Any CPU.Build.0 = Debug|Any CPU
		{9AC62E00-377A-42AD-A867-DB95947B7D03}.Release|Any CPU.ActiveCfg = Release|Any CPU
		{9AC62E00-377A-42AD-A867-DB95947B7D03}.Release|Any CPU.Build.0 = Release|Any CPU
	EndGlobalSection
	GlobalSection(SolutionProperties) = preSolution
		HideSolutionNode = FALSE
	EndGlobalSection
EndGlobal
